
Microsoft Visual Studio Solution File, Format Version 12.00
# Visual Studio Version 17
VisualStudioVersion = 17.1.32414.318
MinimumVisualStudioVersion = 10.0.40219.1
Project("{FAE04EC0-301F-11D3-BF4B-00C04F79EFBC}") = "trytry", "trytry\trytry.csproj", "{465F7891-90BD-4B9D-8F63-39B972DF11B5}"
EndProject
Global
	GlobalSection(SolutionConfigurationPlatforms) = preSolution
		Debug|Any CPU = Debug|Any CPU
		Release|Any CPU = Release|Any CPU
	EndGlobalSection
	GlobalSection(ProjectConfigurationPlatforms) = postSolution
		{465F7891-90BD-4B9D-8F63-39B972DF11B5}.Debug|Any CPU.ActiveCfg = Debug|Any CPU
		{465F7891-90BD-4B9D-8F63-39B972DF11B5}.Debug|Any CPU.Build.0 = Debug|Any CPU
		{465F7891-90BD-4B9D-8F63-39B972DF11B5}.Release|Any CPU.ActiveCfg = Release|Any CPU
		{465F7891-90BD-4B9D-8F63-39B972DF11B5}.Release|Any CPU.Build.0 = Release|Any CPU
	EndGlobalSection
	GlobalSection(SolutionProperties) = preSolution
		HideSolutionNode = FALSE
	EndGlobalSection
	GlobalSection(ExtensibilityGlobals) = postSolution
		SolutionGuid = {41324346-AC8F-42FC-9BE1-6B978E4781DA}
	EndGlobalSection
EndGlobal
